
Microsoft Visual Studio Solution File, Format Version 12.00
# Visual Studio Version 17
VisualStudioVersion = 17.7.34024.191
MinimumVisualStudioVersion = 10.0.40219.1
Project("{FAE04EC0-301F-11D3-BF4B-00C04F79EFBC}") = "First__WebAPI", "First__WebAPI\First__WebAPI.csproj", "{052DF7BA-A635-4A30-8CD5-F9ECF0790F4C}"
EndProject
Global
	GlobalSection(SolutionConfigurationPlatforms) = preSolution
		Debug|Any CPU = Debug|Any CPU
		Release|Any CPU = Release|Any CPU
	EndGlobalSection
	GlobalSection(ProjectConfigurationPlatforms) = postSolution
		{052DF7BA-A635-4A30-8CD5-F9ECF0790F4C}.Debug|Any CPU.ActiveCfg = Debug|Any CPU
		{052DF7BA-A635-4A30-8CD5-F9ECF0790F4C}.Debug|Any CPU.Build.0 = Debug|Any CPU
		{052DF7BA-A635-4A30-8CD5-F9ECF0790F4C}.Release|Any CPU.ActiveCfg = Release|Any CPU
		{052DF7BA-A635-4A30-8CD5-F9ECF0790F4C}.Release|Any CPU.Build.0 = Release|Any CPU
	EndGlobalSection
	GlobalSection(SolutionProperties) = preSolution
		HideSolutionNode = FALSE
	EndGlobalSection
	GlobalSection(ExtensibilityGlobals) = postSolution
		SolutionGuid = {2D5E6AD8-13F1-4D8A-9531-8D3B1E5174E8}
	EndGlobalSection
EndGlobal
